
Microsoft Visual Studio Solution File, Format Version 12.00
# Visual Studio Version 16
VisualStudioVersion = 16.0.30225.117
MinimumVisualStudioVersion = 10.0.40219.1
Project("{FAE04EC0-301F-11D3-BF4B-00C04F79EFBC}") = "VideoTimer", "VideoTimer\VideoTimer.csproj", "{DAC35AC6-585D-48AD-B490-98186D927DA9}"
EndProject
Global
	GlobalSection(SolutionConfigurationPlatforms) = preSolution
		Debug|Any CPU = Debug|Any CPU
		Release|Any CPU = Release|Any CPU
	EndGlobalSection
	GlobalSection(ProjectConfigurationPlatforms) = postSolution
		{DAC35AC6-585D-48AD-B490-98186D927DA9}.Debug|Any CPU.ActiveCfg = Debug|Any CPU
		{DAC35AC6-585D-48AD-B490-98186D927DA9}.Debug|Any CPU.Build.0 = Debug|Any CPU
		{DAC35AC6-585D-48AD-B490-98186D927DA9}.Release|Any CPU.ActiveCfg = Release|Any CPU
		{DAC35AC6-585D-48AD-B490-98186D927DA9}.Release|Any CPU.Build.0 = Release|Any CPU
	EndGlobalSection
	GlobalSection(SolutionProperties) = preSolution
		HideSolutionNode = FALSE
	EndGlobalSection
	GlobalSection(ExtensibilityGlobals) = postSolution
		SolutionGuid = {6936DB6B-8F56-4C68-B626-918FE27C6A7E}
	EndGlobalSection
EndGlobal
